// !$*UTF8*$!
{
	archiveVersion = 1;
	classes = {
	};
	objectVersion = 50;
	objects = {

/* Begin PBXBuildFile section */
		4E20512825390771007A9827 /* buttonClick.mp3 in Resources */ = {isa = PBXBuildFile; fileRef = 4E20512725390771007A9827 /* buttonClick.mp3 */; };
		4E20512A25390F14007A9827 /* RewardController.swift in Sources */ = {isa = PBXBuildFile; fileRef = 4E20512925390F14007A9827 /* RewardController.swift */; };
		4E20512C25390FE7007A9827 /* popupRewardVid.mp4 in Resources */ = {isa = PBXBuildFile; fileRef = 4E20512B25390FE7007A9827 /* popupRewardVid.mp4 */; };
		4E2C20D625386078006A3F31 /* selamat.m4a in Resources */ = {isa = PBXBuildFile; fileRef = 4E2C20D525386078006A3F31 /* selamat.m4a */; };
		4E2E81E725627B82001E6D3E /* New Launch Screen.storyboard in Resources */ = {isa = PBXBuildFile; fileRef = 4E2E81E625627B82001E6D3E /* New Launch Screen.storyboard */; };
		4E34F5C025513578008C0333 /* Level1MenulisController.swift in Sources */ = {isa = PBXBuildFile; fileRef = 4E34F5BF25513578008C0333 /* Level1MenulisController.swift */; };
		4E44A1CA2562105C0057ED78 /* Level2s2MembacaController.swift in Sources */ = {isa = PBXBuildFile; fileRef = 4E44A1C92562105C0057ED78 /* Level2s2MembacaController.swift */; };
		4E44A1CC2562106B0057ED78 /* Level2s3MembacaController.swift in Sources */ = {isa = PBXBuildFile; fileRef = 4E44A1CB2562106B0057ED78 /* Level2s3MembacaController.swift */; };
		4E44A1CE256210770057ED78 /* Level2s4MembacaController.swift in Sources */ = {isa = PBXBuildFile; fileRef = 4E44A1CD256210770057ED78 /* Level2s4MembacaController.swift */; };
		4E44A1D0256210840057ED78 /* Level2s5MembacaController.swift in Sources */ = {isa = PBXBuildFile; fileRef = 4E44A1CF256210840057ED78 /* Level2s5MembacaController.swift */; };
		4E44A1D2256210920057ED78 /* Level2s6MembacaController.swift in Sources */ = {isa = PBXBuildFile; fileRef = 4E44A1D1256210920057ED78 /* Level2s6MembacaController.swift */; };
		4E44A1D42562109E0057ED78 /* Level2s7MembacaController.swift in Sources */ = {isa = PBXBuildFile; fileRef = 4E44A1D32562109E0057ED78 /* Level2s7MembacaController.swift */; };
		4E44A1D6256210AA0057ED78 /* Level2s8MembacaController.swift in Sources */ = {isa = PBXBuildFile; fileRef = 4E44A1D5256210AA0057ED78 /* Level2s8MembacaController.swift */; };
		4E44A1D8256210B60057ED78 /* Level2s9MembacaController.swift in Sources */ = {isa = PBXBuildFile; fileRef = 4E44A1D7256210B60057ED78 /* Level2s9MembacaController.swift */; };
		4E44A1DA256210C00057ED78 /* Level2s10MembacaController.swift in Sources */ = {isa = PBXBuildFile; fileRef = 4E44A1D9256210C00057ED78 /* Level2s10MembacaController.swift */; };
		4E44A1E02562327A0057ED78 /* Buku.m4a in Resources */ = {isa = PBXBuildFile; fileRef = 4E44A1DD2562327A0057ED78 /* Buku.m4a */; };
		4E44A1E12562327A0057ED78 /* Cap.m4a in Resources */ = {isa = PBXBuildFile; fileRef = 4E44A1DE2562327A0057ED78 /* Cap.m4a */; };
		4E44A1E22562327A0057ED78 /* Bus.m4a in Resources */ = {isa = PBXBuildFile; fileRef = 4E44A1DF2562327A0057ED78 /* Bus.m4a */; };
		4E44A1E5256232A30057ED78 /* Dasi.m4a in Resources */ = {isa = PBXBuildFile; fileRef = 4E44A1E3256232A20057ED78 /* Dasi.m4a */; };
		4E44A1E6256232A30057ED78 /* Gas.m4a in Resources */ = {isa = PBXBuildFile; fileRef = 4E44A1E4256232A30057ED78 /* Gas.m4a */; };
		4E44A1ED256232D10057ED78 /* Jam.m4a in Resources */ = {isa = PBXBuildFile; fileRef = 4E44A1E7256232D00057ED78 /* Jam.m4a */; };
		4E44A1EE256232D10057ED78 /* Kuda.m4a in Resources */ = {isa = PBXBuildFile; fileRef = 4E44A1E8256232D00057ED78 /* Kuda.m4a */; };
		4E44A1EF256232D10057ED78 /* Lem.m4a in Resources */ = {isa = PBXBuildFile; fileRef = 4E44A1E9256232D00057ED78 /* Lem.m4a */; };
		4E44A1F0256232D10057ED78 /* Kaca.m4a in Resources */ = {isa = PBXBuildFile; fileRef = 4E44A1EA256232D00057ED78 /* Kaca.m4a */; };
		4E44A1F1256232D10057ED78 /* Kayu.m4a in Resources */ = {isa = PBXBuildFile; fileRef = 4E44A1EB256232D00057ED78 /* Kayu.m4a */; };
		4E44A1F2256232D10057ED78 /* Meja.m4a in Resources */ = {isa = PBXBuildFile; fileRef = 4E44A1EC256232D10057ED78 /* Meja.m4a */; };
		4E44A1F525623DE60057ED78 /* Baju.m4a in Resources */ = {isa = PBXBuildFile; fileRef = 4E44A1F725623DE60057ED78 /* Baju.m4a */; };
		4E44A1FB25624C460057ED78 /* Topi.m4a in Resources */ = {isa = PBXBuildFile; fileRef = 4E44A1F825624C460057ED78 /* Topi.m4a */; };
		4E44A1FC25624C460057ED78 /* Sapi.m4a in Resources */ = {isa = PBXBuildFile; fileRef = 4E44A1F925624C460057ED78 /* Sapi.m4a */; };
		4E44A1FD25624C460057ED78 /* Teko.m4a in Resources */ = {isa = PBXBuildFile; fileRef = 4E44A1FA25624C460057ED78 /* Teko.m4a */; };
		4E44A1FF2562677F0057ED78 /* Reward Popup 1.mp4 in Resources */ = {isa = PBXBuildFile; fileRef = 4E44A1FE2562677F0057ED78 /* Reward Popup 1.mp4 */; };
		4E44A201256267890057ED78 /* Reward Popup 2.mp4 in Resources */ = {isa = PBXBuildFile; fileRef = 4E44A200256267890057ED78 /* Reward Popup 2.mp4 */; };
		4E44A203256267D20057ED78 /* Reward2Controller.swift in Sources */ = {isa = PBXBuildFile; fileRef = 4E44A202256267D20057ED78 /* Reward2Controller.swift */; };
		4E4C6BC32560B69700E1EB93 /* Level2MenulisController.swift in Sources */ = {isa = PBXBuildFile; fileRef = 4E4C6BC22560B69700E1EB93 /* Level2MenulisController.swift */; };
		4E4C6BC52560B84E00E1EB93 /* Level2s1MembacaController.swift in Sources */ = {isa = PBXBuildFile; fileRef = 4E4C6BC42560B84E00E1EB93 /* Level2s1MembacaController.swift */; };
		4E535B662539968200AA7B54 /* PetunjukController.swift in Sources */ = {isa = PBXBuildFile; fileRef = 4E535B652539968200AA7B54 /* PetunjukController.swift */; };
		4E535B682539A65500AA7B54 /* OnBoardingController.swift in Sources */ = {isa = PBXBuildFile; fileRef = 4E535B672539A65500AA7B54 /* OnBoardingController.swift */; };
		4E535B6E2539AA2300AA7B54 /* tas.m4a in Resources */ = {isa = PBXBuildFile; fileRef = 4E535B692539AA2300AA7B54 /* tas.m4a */; };
		4E535B702539AA2300AA7B54 /* cat.m4a in Resources */ = {isa = PBXBuildFile; fileRef = 4E535B6B2539AA2300AA7B54 /* cat.m4a */; };
		4E535B712539AA2300AA7B54 /* rak.m4a in Resources */ = {isa = PBXBuildFile; fileRef = 4E535B6C2539AA2300AA7B54 /* rak.m4a */; };
		4E535B722539AA2300AA7B54 /* jas.m4a in Resources */ = {isa = PBXBuildFile; fileRef = 4E535B6D2539AA2300AA7B54 /* jas.m4a */; };
		4E6B82C4252F044200EB22F8 /* AppDelegate.swift in Sources */ = {isa = PBXBuildFile; fileRef = 4E6B82C3252F044200EB22F8 /* AppDelegate.swift */; };
		4E6B82C6252F044200EB22F8 /* SceneDelegate.swift in Sources */ = {isa = PBXBuildFile; fileRef = 4E6B82C5252F044200EB22F8 /* SceneDelegate.swift */; };
		4E6B82C8252F044200EB22F8 /* ViewController.swift in Sources */ = {isa = PBXBuildFile; fileRef = 4E6B82C7252F044200EB22F8 /* ViewController.swift */; };
		4E6B82CB252F044200EB22F8 /* Main.storyboard in Resources */ = {isa = PBXBuildFile; fileRef = 4E6B82C9252F044200EB22F8 /* Main.storyboard */; };
		4E6B82CE252F044200EB22F8 /* Lexic.xcdatamodeld in Sources */ = {isa = PBXBuildFile; fileRef = 4E6B82CC252F044200EB22F8 /* Lexic.xcdatamodeld */; };
		4E6B82D0252F044400EB22F8 /* Assets.xcassets in Resources */ = {isa = PBXBuildFile; fileRef = 4E6B82CF252F044400EB22F8 /* Assets.xcassets */; };
		4E6B82D3252F044400EB22F8 /* LaunchScreen.storyboard in Resources */ = {isa = PBXBuildFile; fileRef = 4E6B82D1252F044400EB22F8 /* LaunchScreen.storyboard */; };
		4E6EDDC72572367D00B9F9BD /* Level3s1MembacaController.swift in Sources */ = {isa = PBXBuildFile; fileRef = 4E6EDDC62572367D00B9F9BD /* Level3s1MembacaController.swift */; };
		4E6EDDC92572368C00B9F9BD /* Level3s2MembacaController.swift in Sources */ = {isa = PBXBuildFile; fileRef = 4E6EDDC82572368C00B9F9BD /* Level3s2MembacaController.swift */; };
		4E6EDDCB2572369900B9F9BD /* Level3s3MembacaController.swift in Sources */ = {isa = PBXBuildFile; fileRef = 4E6EDDCA2572369900B9F9BD /* Level3s3MembacaController.swift */; };
		4E6EDDCD257236A700B9F9BD /* Level3s4MembacaController.swift in Sources */ = {isa = PBXBuildFile; fileRef = 4E6EDDCC257236A700B9F9BD /* Level3s4MembacaController.swift */; };
		4E6EDDCF257236B400B9F9BD /* Level3s5MembacaController.swift in Sources */ = {isa = PBXBuildFile; fileRef = 4E6EDDCE257236B400B9F9BD /* Level3s5MembacaController.swift */; };
		4E6EDDD1257236BE00B9F9BD /* Level3s6MembacaController.swift in Sources */ = {isa = PBXBuildFile; fileRef = 4E6EDDD0257236BE00B9F9BD /* Level3s6MembacaController.swift */; };
		4E6EDDD3257236CD00B9F9BD /* Level3s7MembacaController.swift in Sources */ = {isa = PBXBuildFile; fileRef = 4E6EDDD2257236CD00B9F9BD /* Level3s7MembacaController.swift */; };
		4E6EDDD5257236D900B9F9BD /* Level3s8MembacaController.swift in Sources */ = {isa = PBXBuildFile; fileRef = 4E6EDDD4257236D900B9F9BD /* Level3s8MembacaController.swift */; };
		4E6EDDD7257236E400B9F9BD /* Level3s9MembacaController.swift in Sources */ = {isa = PBXBuildFile; fileRef = 4E6EDDD6257236E400B9F9BD /* Level3s9MembacaController.swift */; };
		4E6EDDD9257236EF00B9F9BD /* Level3s10MembacaController.swift in Sources */ = {isa = PBXBuildFile; fileRef = 4E6EDDD8257236EF00B9F9BD /* Level3s10MembacaController.swift */; };
		4E6EDDDB25723A0300B9F9BD /* Reward3Controller.swift in Sources */ = {isa = PBXBuildFile; fileRef = 4E6EDDDA25723A0300B9F9BD /* Reward3Controller.swift */; };
		4E6EDDDD25723A5700B9F9BD /* Reward3EndingController.swift in Sources */ = {isa = PBXBuildFile; fileRef = 4E6EDDDC25723A5700B9F9BD /* Reward3EndingController.swift */; };
		4E6EDDDF25723DF600B9F9BD /* Level3MenulisController.swift in Sources */ = {isa = PBXBuildFile; fileRef = 4E6EDDDE25723DF600B9F9BD /* Level3MenulisController.swift */; };
		4E818DE0254CD25F0017520C /* TahapanController.swift in Sources */ = {isa = PBXBuildFile; fileRef = 4E818DDF254CD25F0017520C /* TahapanController.swift */; };
		4EBCB32A2574AB910030946B /* boneka.m4a in Resources */ = {isa = PBXBuildFile; fileRef = 4EBCB3282574AB8C0030946B /* boneka.m4a */; };
		4EBCB32B2574AB960030946B /* celana.m4a in Resources */ = {isa = PBXBuildFile; fileRef = 4EBCB3212574AB8C0030946B /* celana.m4a */; };
		4EBCB32C2574AB960030946B /* garuda.m4a in Resources */ = {isa = PBXBuildFile; fileRef = 4EBCB3262574AB8C0030946B /* garuda.m4a */; };
		4EBCB32D2574AB960030946B /* gurita.m4a in Resources */ = {isa = PBXBuildFile; fileRef = 4EBCB3202574AB8C0030946B /* gurita.m4a */; };
		4EBCB32E2574AB960030946B /* kemeja.m4a in Resources */ = {isa = PBXBuildFile; fileRef = 4EBCB3252574AB8C0030946B /* kemeja.m4a */; };
		4EBCB32F2574AB960030946B /* kereta.m4a in Resources */ = {isa = PBXBuildFile; fileRef = 4EBCB3232574AB8C0030946B /* kereta.m4a */; };
		4EBCB3302574AB960030946B /* lemari.m4a in Resources */ = {isa = PBXBuildFile; fileRef = 4EBCB3242574AB8C0030946B /* lemari.m4a */; };
		4EBCB3312574AB960030946B /* pepaya.m4a in Resources */ = {isa = PBXBuildFile; fileRef = 4EBCB3222574AB8C0030946B /* pepaya.m4a */; };
		4EBCB3322574AB960030946B /* sepatu.m4a in Resources */ = {isa = PBXBuildFile; fileRef = 4EBCB3272574AB8C0030946B /* sepatu.m4a */; };
		4EBCB3332574AB960030946B /* sepeda.m4a in Resources */ = {isa = PBXBuildFile; fileRef = 4EBCB3292574AB8D0030946B /* sepeda.m4a */; };
		4EBCB3352574AE570030946B /* Reward Popup ending 3.mp4 in Resources */ = {isa = PBXBuildFile; fileRef = 4EBCB3342574AE570030946B /* Reward Popup ending 3.mp4 */; };
		4EBCB3372574B10F0030946B /* Reward Popup 3.mp4 in Resources */ = {isa = PBXBuildFile; fileRef = 4EBCB3362574B10E0030946B /* Reward Popup 3.mp4 */; };
		4ECDD43C25503F3C00F29282 /* Level1s1MembacaController.swift in Sources */ = {isa = PBXBuildFile; fileRef = 4ECDD43B25503F3C00F29282 /* Level1s1MembacaController.swift */; };
		4ECEA8A8253731290098F7C5 /* Canvas.swift in Sources */ = {isa = PBXBuildFile; fileRef = 4ECEA8A7253731290098F7C5 /* Canvas.swift */; };
		4ED3E53E2560AED40092C2A7 /* TahapanController2.swift in Sources */ = {isa = PBXBuildFile; fileRef = 4ED3E53D2560AED40092C2A7 /* TahapanController2.swift */; };
		4ED7E44B257226120004C78D /* TahapanController3.swift in Sources */ = {isa = PBXBuildFile; fileRef = 4ED7E44A257226120004C78D /* TahapanController3.swift */; };
		4EDB45F425518FC400393180 /* Level1s2MembacaController.swift in Sources */ = {isa = PBXBuildFile; fileRef = 4EDB45F325518FC400393180 /* Level1s2MembacaController.swift */; };
		4EDB45F62551916900393180 /* Level1s3MembacaController.swift in Sources */ = {isa = PBXBuildFile; fileRef = 4EDB45F52551916900393180 /* Level1s3MembacaController.swift */; };
		4EDB45F82551917400393180 /* Level1s4MembacaController.swift in Sources */ = {isa = PBXBuildFile; fileRef = 4EDB45F72551917400393180 /* Level1s4MembacaController.swift */; };
		4EDB45FA2551918100393180 /* Level1s5MembacaController.swift in Sources */ = {isa = PBXBuildFile; fileRef = 4EDB45F92551918100393180 /* Level1s5MembacaController.swift */; };
		4EDB45FC25519EA000393180 /* ban.mp3 in Resources */ = {isa = PBXBuildFile; fileRef = 4EDB45FB25519EA000393180 /* ban.mp3 */; };
		4EDB45FE2551A70600393180 /* mouseClick.mp3 in Resources */ = {isa = PBXBuildFile; fileRef = 4EDB45FD2551A70600393180 /* mouseClick.mp3 */; };
		4EDB83A4255E2C50006EB8F2 /* Level1s6MembacaController.swift in Sources */ = {isa = PBXBuildFile; fileRef = 4EDB83A3255E2C50006EB8F2 /* Level1s6MembacaController.swift */; };
		4EDB83A6255E2D41006EB8F2 /* Level1s7MembacaController.swift in Sources */ = {isa = PBXBuildFile; fileRef = 4EDB83A5255E2D41006EB8F2 /* Level1s7MembacaController.swift */; };
		4EDB83A8255E2D50006EB8F2 /* Level1s8MembacaController.swift in Sources */ = {isa = PBXBuildFile; fileRef = 4EDB83A7255E2D50006EB8F2 /* Level1s8MembacaController.swift */; };
		4EDB83AA255E2D5A006EB8F2 /* Level1s9MembacaController.swift in Sources */ = {isa = PBXBuildFile; fileRef = 4EDB83A9255E2D5A006EB8F2 /* Level1s9MembacaController.swift */; };
		4EDB83AC255E2D66006EB8F2 /* Level1s10MembacaController.swift in Sources */ = {isa = PBXBuildFile; fileRef = 4EDB83AB255E2D66006EB8F2 /* Level1s10MembacaController.swift */; };
		4EF7482825627E590034EA64 /* Reward Popup ending 1.mp4 in Resources */ = {isa = PBXBuildFile; fileRef = 4EF7482725627E590034EA64 /* Reward Popup ending 1.mp4 */; };
		4EF7482A25627E5F0034EA64 /* Reward Popup ending 2.mp4 in Resources */ = {isa = PBXBuildFile; fileRef = 4EF7482925627E5F0034EA64 /* Reward Popup ending 2.mp4 */; };
		4EF7482C25627E810034EA64 /* RewardEndingController.swift in Sources */ = {isa = PBXBuildFile; fileRef = 4EF7482B25627E810034EA64 /* RewardEndingController.swift */; };
		4EF7482E25627EBD0034EA64 /* Reward2EndingController.swift in Sources */ = {isa = PBXBuildFile; fileRef = 4EF7482D25627EBD0034EA64 /* Reward2EndingController.swift */; };
/* End PBXBuildFile section */

/* Begin PBXFileReference section */
		4E20512725390771007A9827 /* buttonClick.mp3 */ = {isa = PBXFileReference; lastKnownFileType = audio.mp3; path = buttonClick.mp3; sourceTree = "<group>"; };
		4E20512925390F14007A9827 /* RewardController.swift */ = {isa = PBXFileReference; lastKnownFileType = sourcecode.swift; path = RewardController.swift; sourceTree = "<group>"; };
		4E20512B25390FE7007A9827 /* popupRewardVid.mp4 */ = {isa = PBXFileReference; lastKnownFileType = file; path = popupRewardVid.mp4; sourceTree = "<group>"; };
		4E2C20D525386078006A3F31 /* selamat.m4a */ = {isa = PBXFileReference; lastKnownFileType = file; path = selamat.m4a; sourceTree = "<group>"; };
		4E2E81E625627B82001E6D3E /* New Launch Screen.storyboard */ = {isa = PBXFileReference; lastKnownFileType = file.storyboard; path = "New Launch Screen.storyboard"; sourceTree = "<group>"; };
		4E34F5BF25513578008C0333 /* Level1MenulisController.swift */ = {isa = PBXFileReference; lastKnownFileType = sourcecode.swift; path = Level1MenulisController.swift; sourceTree = "<group>"; };
		4E44A1C92562105C0057ED78 /* Level2s2MembacaController.swift */ = {isa = PBXFileReference; lastKnownFileType = sourcecode.swift; path = Level2s2MembacaController.swift; sourceTree = "<group>"; };
		4E44A1CB2562106B0057ED78 /* Level2s3MembacaController.swift */ = {isa = PBXFileReference; lastKnownFileType = sourcecode.swift; path = Level2s3MembacaController.swift; sourceTree = "<group>"; };
		4E44A1CD256210770057ED78 /* Level2s4MembacaController.swift */ = {isa = PBXFileReference; lastKnownFileType = sourcecode.swift; path = Level2s4MembacaController.swift; sourceTree = "<group>"; };
		4E44A1CF256210840057ED78 /* Level2s5MembacaController.swift */ = {isa = PBXFileReference; lastKnownFileType = sourcecode.swift; path = Level2s5MembacaController.swift; sourceTree = "<group>"; };
		4E44A1D1256210920057ED78 /* Level2s6MembacaController.swift */ = {isa = PBXFileReference; lastKnownFileType = sourcecode.swift; path = Level2s6MembacaController.swift; sourceTree = "<group>"; };
		4E44A1D32562109E0057ED78 /* Level2s7MembacaController.swift */ = {isa = PBXFileReference; lastKnownFileType = sourcecode.swift; path = Level2s7MembacaController.swift; sourceTree = "<group>"; };
		4E44A1D5256210AA0057ED78 /* Level2s8MembacaController.swift */ = {isa = PBXFileReference; lastKnownFileType = sourcecode.swift; path = Level2s8MembacaController.swift; sourceTree = "<group>"; };
		4E44A1D7256210B60057ED78 /* Level2s9MembacaController.swift */ = {isa = PBXFileReference; lastKnownFileType = sourcecode.swift; path = Level2s9MembacaController.swift; sourceTree = "<group>"; };
		4E44A1D9256210C00057ED78 /* Level2s10MembacaController.swift */ = {isa = PBXFileReference; lastKnownFileType = sourcecode.swift; path = Level2s10MembacaController.swift; sourceTree = "<group>"; };
		4E44A1DD2562327A0057ED78 /* Buku.m4a */ = {isa = PBXFileReference; lastKnownFileType = file; path = Buku.m4a; sourceTree = "<group>"; };
		4E44A1DE2562327A0057ED78 /* Cap.m4a */ = {isa = PBXFileReference; lastKnownFileType = file; path = Cap.m4a; sourceTree = "<group>"; };
		4E44A1DF2562327A0057ED78 /* Bus.m4a */ = {isa = PBXFileReference; lastKnownFileType = file; path = Bus.m4a; sourceTree = "<group>"; };
		4E44A1E3256232A20057ED78 /* Dasi.m4a */ = {isa = PBXFileReference; lastKnownFileType = file; path = Dasi.m4a; sourceTree = "<group>"; };
		4E44A1E4256232A30057ED78 /* Gas.m4a */ = {isa = PBXFileReference; lastKnownFileType = file; path = Gas.m4a; sourceTree = "<group>"; };
		4E44A1E7256232D00057ED78 /* Jam.m4a */ = {isa = PBXFileReference; lastKnownFileType = file; path = Jam.m4a; sourceTree = "<group>"; };
		4E44A1E8256232D00057ED78 /* Kuda.m4a */ = {isa = PBXFileReference; lastKnownFileType = file; path = Kuda.m4a; sourceTree = "<group>"; };
		4E44A1E9256232D00057ED78 /* Lem.m4a */ = {isa = PBXFileReference; lastKnownFileType = file; path = Lem.m4a; sourceTree = "<group>"; };
		4E44A1EA256232D00057ED78 /* Kaca.m4a */ = {isa = PBXFileReference; lastKnownFileType = file; path = Kaca.m4a; sourceTree = "<group>"; };
		4E44A1EB256232D00057ED78 /* Kayu.m4a */ = {isa = PBXFileReference; lastKnownFileType = file; path = Kayu.m4a; sourceTree = "<group>"; };
		4E44A1EC256232D10057ED78 /* Meja.m4a */ = {isa = PBXFileReference; lastKnownFileType = file; path = Meja.m4a; sourceTree = "<group>"; };
		4E44A1F625623DE60057ED78 /* Base */ = {isa = PBXFileReference; lastKnownFileType = file; name = Base; path = Base.lproj/Baju.m4a; sourceTree = "<group>"; };
		4E44A1F825624C460057ED78 /* Topi.m4a */ = {isa = PBXFileReference; lastKnownFileType = file; path = Topi.m4a; sourceTree = "<group>"; };
		4E44A1F925624C460057ED78 /* Sapi.m4a */ = {isa = PBXFileReference; lastKnownFileType = file; path = Sapi.m4a; sourceTree = "<group>"; };
		4E44A1FA25624C460057ED78 /* Teko.m4a */ = {isa = PBXFileReference; lastKnownFileType = file; path = Teko.m4a; sourceTree = "<group>"; };
		4E44A1FE2562677F0057ED78 /* Reward Popup 1.mp4 */ = {isa = PBXFileReference; lastKnownFileType = file; path = "Reward Popup 1.mp4"; sourceTree = "<group>"; };
		4E44A200256267890057ED78 /* Reward Popup 2.mp4 */ = {isa = PBXFileReference; lastKnownFileType = file; path = "Reward Popup 2.mp4"; sourceTree = "<group>"; };
		4E44A202256267D20057ED78 /* Reward2Controller.swift */ = {isa = PBXFileReference; lastKnownFileType = sourcecode.swift; path = Reward2Controller.swift; sourceTree = "<group>"; };
		4E4C6BC22560B69700E1EB93 /* Level2MenulisController.swift */ = {isa = PBXFileReference; lastKnownFileType = sourcecode.swift; name = Level2MenulisController.swift; path = "Lexic/Level Controller/Level 1/Level2MenulisController.swift"; sourceTree = SOURCE_ROOT; };
		4E4C6BC42560B84E00E1EB93 /* Level2s1MembacaController.swift */ = {isa = PBXFileReference; lastKnownFileType = sourcecode.swift; path = Level2s1MembacaController.swift; sourceTree = "<group>"; };
		4E535B652539968200AA7B54 /* PetunjukController.swift */ = {isa = PBXFileReference; lastKnownFileType = sourcecode.swift; path = PetunjukController.swift; sourceTree = "<group>"; };
		4E535B672539A65500AA7B54 /* OnBoardingController.swift */ = {isa = PBXFileReference; lastKnownFileType = sourcecode.swift; path = OnBoardingController.swift; sourceTree = "<group>"; };
		4E535B692539AA2300AA7B54 /* tas.m4a */ = {isa = PBXFileReference; lastKnownFileType = file; path = tas.m4a; sourceTree = "<group>"; };
		4E535B6B2539AA2300AA7B54 /* cat.m4a */ = {isa = PBXFileReference; lastKnownFileType = file; path = cat.m4a; sourceTree = "<group>"; };
		4E535B6C2539AA2300AA7B54 /* rak.m4a */ = {isa = PBXFileReference; lastKnownFileType = file; path = rak.m4a; sourceTree = "<group>"; };
		4E535B6D2539AA2300AA7B54 /* jas.m4a */ = {isa = PBXFileReference; lastKnownFileType = file; path = jas.m4a; sourceTree = "<group>"; };
		4E6B82C0252F044200EB22F8 /* Cobaca.app */ = {isa = PBXFileReference; explicitFileType = wrapper.application; includeInIndex = 0; path = Cobaca.app; sourceTree = BUILT_PRODUCTS_DIR; };
		4E6B82C3252F044200EB22F8 /* AppDelegate.swift */ = {isa = PBXFileReference; lastKnownFileType = sourcecode.swift; path = AppDelegate.swift; sourceTree = "<group>"; };
		4E6B82C5252F044200EB22F8 /* SceneDelegate.swift */ = {isa = PBXFileReference; lastKnownFileType = sourcecode.swift; path = SceneDelegate.swift; sourceTree = "<group>"; };
		4E6B82C7252F044200EB22F8 /* ViewController.swift */ = {isa = PBXFileReference; lastKnownFileType = sourcecode.swift; path = ViewController.swift; sourceTree = "<group>"; };
		4E6B82CA252F044200EB22F8 /* Base */ = {isa = PBXFileReference; lastKnownFileType = file.storyboard; name = Base; path = Base.lproj/Main.storyboard; sourceTree = "<group>"; };
		4E6B82CD252F044200EB22F8 /* Lexic.xcdatamodel */ = {isa = PBXFileReference; lastKnownFileType = wrapper.xcdatamodel; path = Lexic.xcdatamodel; sourceTree = "<group>"; };
		4E6B82CF252F044400EB22F8 /* Assets.xcassets */ = {isa = PBXFileReference; lastKnownFileType = folder.assetcatalog; path = Assets.xcassets; sourceTree = "<group>"; };
		4E6B82D2252F044400EB22F8 /* Base */ = {isa = PBXFileReference; lastKnownFileType = file.storyboard; name = Base; path = Base.lproj/LaunchScreen.storyboard; sourceTree = "<group>"; };
		4E6B82D4252F044400EB22F8 /* Info.plist */ = {isa = PBXFileReference; lastKnownFileType = text.plist.xml; path = Info.plist; sourceTree = "<group>"; };
		4E6EDDC62572367D00B9F9BD /* Level3s1MembacaController.swift */ = {isa = PBXFileReference; lastKnownFileType = sourcecode.swift; path = Level3s1MembacaController.swift; sourceTree = "<group>"; };
		4E6EDDC82572368C00B9F9BD /* Level3s2MembacaController.swift */ = {isa = PBXFileReference; lastKnownFileType = sourcecode.swift; path = Level3s2MembacaController.swift; sourceTree = "<group>"; };
		4E6EDDCA2572369900B9F9BD /* Level3s3MembacaController.swift */ = {isa = PBXFileReference; lastKnownFileType = sourcecode.swift; path = Level3s3MembacaController.swift; sourceTree = "<group>"; };
		4E6EDDCC257236A700B9F9BD /* Level3s4MembacaController.swift */ = {isa = PBXFileReference; lastKnownFileType = sourcecode.swift; path = Level3s4MembacaController.swift; sourceTree = "<group>"; };
		4E6EDDCE257236B400B9F9BD /* Level3s5MembacaController.swift */ = {isa = PBXFileReference; lastKnownFileType = sourcecode.swift; path = Level3s5MembacaController.swift; sourceTree = "<group>"; };
		4E6EDDD0257236BE00B9F9BD /* Level3s6MembacaController.swift */ = {isa = PBXFileReference; lastKnownFileType = sourcecode.swift; path = Level3s6MembacaController.swift; sourceTree = "<group>"; };
		4E6EDDD2257236CD00B9F9BD /* Level3s7MembacaController.swift */ = {isa = PBXFileReference; lastKnownFileType = sourcecode.swift; path = Level3s7MembacaController.swift; sourceTree = "<group>"; };
		4E6EDDD4257236D900B9F9BD /* Level3s8MembacaController.swift */ = {isa = PBXFileReference; lastKnownFileType = sourcecode.swift; path = Level3s8MembacaController.swift; sourceTree = "<group>"; };
		4E6EDDD6257236E400B9F9BD /* Level3s9MembacaController.swift */ = {isa = PBXFileReference; lastKnownFileType = sourcecode.swift; path = Level3s9MembacaController.swift; sourceTree = "<group>"; };
		4E6EDDD8257236EF00B9F9BD /* Level3s10MembacaController.swift */ = {isa = PBXFileReference; lastKnownFileType = sourcecode.swift; path = Level3s10MembacaController.swift; sourceTree = "<group>"; };
		4E6EDDDA25723A0300B9F9BD /* Reward3Controller.swift */ = {isa = PBXFileReference; lastKnownFileType = sourcecode.swift; path = Reward3Controller.swift; sourceTree = "<group>"; };
		4E6EDDDC25723A5700B9F9BD /* Reward3EndingController.swift */ = {isa = PBXFileReference; lastKnownFileType = sourcecode.swift; path = Reward3EndingController.swift; sourceTree = "<group>"; };
		4E6EDDDE25723DF600B9F9BD /* Level3MenulisController.swift */ = {isa = PBXFileReference; lastKnownFileType = sourcecode.swift; path = Level3MenulisController.swift; sourceTree = "<group>"; };
		4E818DDF254CD25F0017520C /* TahapanController.swift */ = {isa = PBXFileReference; lastKnownFileType = sourcecode.swift; path = TahapanController.swift; sourceTree = "<group>"; };
		4EBCB3202574AB8C0030946B /* gurita.m4a */ = {isa = PBXFileReference; lastKnownFileType = file; path = gurita.m4a; sourceTree = "<group>"; };
		4EBCB3212574AB8C0030946B /* celana.m4a */ = {isa = PBXFileReference; lastKnownFileType = file; path = celana.m4a; sourceTree = "<group>"; };
		4EBCB3222574AB8C0030946B /* pepaya.m4a */ = {isa = PBXFileReference; lastKnownFileType = file; path = pepaya.m4a; sourceTree = "<group>"; };
		4EBCB3232574AB8C0030946B /* kereta.m4a */ = {isa = PBXFileReference; lastKnownFileType = file; path = kereta.m4a; sourceTree = "<group>"; };
		4EBCB3242574AB8C0030946B /* lemari.m4a */ = {isa = PBXFileReference; lastKnownFileType = file; path = lemari.m4a; sourceTree = "<group>"; };
		4EBCB3252574AB8C0030946B /* kemeja.m4a */ = {isa = PBXFileReference; lastKnownFileType = file; path = kemeja.m4a; sourceTree = "<group>"; };
		4EBCB3262574AB8C0030946B /* garuda.m4a */ = {isa = PBXFileReference; lastKnownFileType = file; path = garuda.m4a; sourceTree = "<group>"; };
		4EBCB3272574AB8C0030946B /* sepatu.m4a */ = {isa = PBXFileReference; lastKnownFileType = file; path = sepatu.m4a; sourceTree = "<group>"; };
		4EBCB3282574AB8C0030946B /* boneka.m4a */ = {isa = PBXFileReference; lastKnownFileType = file; path = boneka.m4a; sourceTree = "<group>"; };
		4EBCB3292574AB8D0030946B /* sepeda.m4a */ = {isa = PBXFileReference; lastKnownFileType = file; path = sepeda.m4a; sourceTree = "<group>"; };
		4EBCB3342574AE570030946B /* Reward Popup ending 3.mp4 */ = {isa = PBXFileReference; lastKnownFileType = file; path = "Reward Popup ending 3.mp4"; sourceTree = "<group>"; };
		4EBCB3362574B10E0030946B /* Reward Popup 3.mp4 */ = {isa = PBXFileReference; lastKnownFileType = file; path = "Reward Popup 3.mp4"; sourceTree = "<group>"; };
		4ECDD43B25503F3C00F29282 /* Level1s1MembacaController.swift */ = {isa = PBXFileReference; lastKnownFileType = sourcecode.swift; path = Level1s1MembacaController.swift; sourceTree = "<group>"; };
		4ECEA8A7253731290098F7C5 /* Canvas.swift */ = {isa = PBXFileReference; lastKnownFileType = sourcecode.swift; path = Canvas.swift; sourceTree = "<group>"; };
		4ED3E53D2560AED40092C2A7 /* TahapanController2.swift */ = {isa = PBXFileReference; lastKnownFileType = sourcecode.swift; path = TahapanController2.swift; sourceTree = "<group>"; };
		4ED7E44A257226120004C78D /* TahapanController3.swift */ = {isa = PBXFileReference; lastKnownFileType = sourcecode.swift; path = TahapanController3.swift; sourceTree = "<group>"; };
		4EDB45F325518FC400393180 /* Level1s2MembacaController.swift */ = {isa = PBXFileReference; lastKnownFileType = sourcecode.swift; path = Level1s2MembacaController.swift; sourceTree = "<group>"; };
		4EDB45F52551916900393180 /* Level1s3MembacaController.swift */ = {isa = PBXFileReference; lastKnownFileType = sourcecode.swift; path = Level1s3MembacaController.swift; sourceTree = "<group>"; };
		4EDB45F72551917400393180 /* Level1s4MembacaController.swift */ = {isa = PBXFileReference; lastKnownFileType = sourcecode.swift; path = Level1s4MembacaController.swift; sourceTree = "<group>"; };
		4EDB45F92551918100393180 /* Level1s5MembacaController.swift */ = {isa = PBXFileReference; lastKnownFileType = sourcecode.swift; path = Level1s5MembacaController.swift; sourceTree = "<group>"; };
		4EDB45FB25519EA000393180 /* ban.mp3 */ = {isa = PBXFileReference; lastKnownFileType = audio.mp3; path = ban.mp3; sourceTree = "<group>"; };
		4EDB45FD2551A70600393180 /* mouseClick.mp3 */ = {isa = PBXFileReference; lastKnownFileType = audio.mp3; path = mouseClick.mp3; sourceTree = "<group>"; };
		4EDB83A3255E2C50006EB8F2 /* Level1s6MembacaController.swift */ = {isa = PBXFileReference; lastKnownFileType = sourcecode.swift; path = Level1s6MembacaController.swift; sourceTree = "<group>"; };
		4EDB83A5255E2D41006EB8F2 /* Level1s7MembacaController.swift */ = {isa = PBXFileReference; lastKnownFileType = sourcecode.swift; path = Level1s7MembacaController.swift; sourceTree = "<group>"; };
		4EDB83A7255E2D50006EB8F2 /* Level1s8MembacaController.swift */ = {isa = PBXFileReference; lastKnownFileType = sourcecode.swift; path = Level1s8MembacaController.swift; sourceTree = "<group>"; };
		4EDB83A9255E2D5A006EB8F2 /* Level1s9MembacaController.swift */ = {isa = PBXFileReference; lastKnownFileType = sourcecode.swift; path = Level1s9MembacaController.swift; sourceTree = "<group>"; };
		4EDB83AB255E2D66006EB8F2 /* Level1s10MembacaController.swift */ = {isa = PBXFileReference; lastKnownFileType = sourcecode.swift; path = Level1s10MembacaController.swift; sourceTree = "<group>"; };
		4EF7482725627E590034EA64 /* Reward Popup ending 1.mp4 */ = {isa = PBXFileReference; lastKnownFileType = file; path = "Reward Popup ending 1.mp4"; sourceTree = "<group>"; };
		4EF7482925627E5F0034EA64 /* Reward Popup ending 2.mp4 */ = {isa = PBXFileReference; lastKnownFileType = file; path = "Reward Popup ending 2.mp4"; sourceTree = "<group>"; };
		4EF7482B25627E810034EA64 /* RewardEndingController.swift */ = {isa = PBXFileReference; lastKnownFileType = sourcecode.swift; path = RewardEndingController.swift; sourceTree = "<group>"; };
		4EF7482D25627EBD0034EA64 /* Reward2EndingController.swift */ = {isa = PBXFileReference; lastKnownFileType = sourcecode.swift; path = Reward2EndingController.swift; sourceTree = "<group>"; };
/* End PBXFileReference section */

/* Begin PBXFrameworksBuildPhase section */
		4E6B82BD252F044200EB22F8 /* Frameworks */ = {
			isa = PBXFrameworksBuildPhase;
			buildActionMask = 2147483647;
			files = (
			);
			runOnlyForDeploymentPostprocessing = 0;
		};
/* End PBXFrameworksBuildPhase section */

/* Begin PBXGroup section */
		4E2C20D425386051006A3F31 /* AVAsset */ = {
			isa = PBXGroup;
			children = (
				4EDB45FD2551A70600393180 /* mouseClick.mp3 */,
				4EDB45FB25519EA000393180 /* ban.mp3 */,
				4E44A1F725623DE60057ED78 /* Baju.m4a */,
				4E44A1DD2562327A0057ED78 /* Buku.m4a */,
				4E44A1DF2562327A0057ED78 /* Bus.m4a */,
				4E44A1F925624C460057ED78 /* Sapi.m4a */,
				4E44A1FA25624C460057ED78 /* Teko.m4a */,
				4EBCB3282574AB8C0030946B /* boneka.m4a */,
				4EBCB3212574AB8C0030946B /* celana.m4a */,
				4EBCB3262574AB8C0030946B /* garuda.m4a */,
				4EBCB3202574AB8C0030946B /* gurita.m4a */,
				4EBCB3252574AB8C0030946B /* kemeja.m4a */,
				4EBCB3232574AB8C0030946B /* kereta.m4a */,
				4EBCB3242574AB8C0030946B /* lemari.m4a */,
				4EBCB3222574AB8C0030946B /* pepaya.m4a */,
				4EBCB3272574AB8C0030946B /* sepatu.m4a */,
				4EBCB3292574AB8D0030946B /* sepeda.m4a */,
				4E44A1F825624C460057ED78 /* Topi.m4a */,
				4E535B6B2539AA2300AA7B54 /* cat.m4a */,
				4E44A1DE2562327A0057ED78 /* Cap.m4a */,
				4E44A1E3256232A20057ED78 /* Dasi.m4a */,
				4E44A1E4256232A30057ED78 /* Gas.m4a */,
				4E535B6D2539AA2300AA7B54 /* jas.m4a */,
				4E44A1E7256232D00057ED78 /* Jam.m4a */,
				4E44A1EA256232D00057ED78 /* Kaca.m4a */,
				4E44A1EB256232D00057ED78 /* Kayu.m4a */,
				4EBCB3362574B10E0030946B /* Reward Popup 3.mp4 */,
				4EF7482925627E5F0034EA64 /* Reward Popup ending 2.mp4 */,
				4E44A1E8256232D00057ED78 /* Kuda.m4a */,
				4E44A200256267890057ED78 /* Reward Popup 2.mp4 */,
				4EBCB3342574AE570030946B /* Reward Popup ending 3.mp4 */,
				4E44A1E9256232D00057ED78 /* Lem.m4a */,
				4E44A1FE2562677F0057ED78 /* Reward Popup 1.mp4 */,
				4EF7482725627E590034EA64 /* Reward Popup ending 1.mp4 */,
				4E44A1EC256232D10057ED78 /* Meja.m4a */,
				4E535B6C2539AA2300AA7B54 /* rak.m4a */,
				4E535B692539AA2300AA7B54 /* tas.m4a */,
				4E20512B25390FE7007A9827 /* popupRewardVid.mp4 */,
				4E20512725390771007A9827 /* buttonClick.mp3 */,
				4E2C20D525386078006A3F31 /* selamat.m4a */,
			);
			path = AVAsset;
			sourceTree = "<group>";
		};
		4E6B82B7252F044100EB22F8 = {
			isa = PBXGroup;
			children = (
				4E2E81E625627B82001E6D3E /* New Launch Screen.storyboard */,
				4E6B82C2252F044200EB22F8 /* Lexic */,
				4E6B82C1252F044200EB22F8 /* Products */,
			);
			sourceTree = "<group>";
		};
		4E6B82C1252F044200EB22F8 /* Products */ = {
			isa = PBXGroup;
			children = (
				4E6B82C0252F044200EB22F8 /* Cobaca.app */,
			);
			name = Products;
			sourceTree = "<group>";
		};
		4E6B82C2252F044200EB22F8 /* Lexic */ = {
			isa = PBXGroup;
			children = (
				4E6B82C3252F044200EB22F8 /* AppDelegate.swift */,
				4E6B82C5252F044200EB22F8 /* SceneDelegate.swift */,
				4E6B82C7252F044200EB22F8 /* ViewController.swift */,
				4E6B82C9252F044200EB22F8 /* Main.storyboard */,
				4EF6F5F2255AC1BA002BA36A /* Level Controller */,
				4E535B672539A65500AA7B54 /* OnBoardingController.swift */,
				4E535B652539968200AA7B54 /* PetunjukController.swift */,
				4ECEA8A7253731290098F7C5 /* Canvas.swift */,
				4E2C20D425386051006A3F31 /* AVAsset */,
				4E6B82CF252F044400EB22F8 /* Assets.xcassets */,
				4E6B82D1252F044400EB22F8 /* LaunchScreen.storyboard */,
				4E6B82D4252F044400EB22F8 /* Info.plist */,
				4E6B82CC252F044200EB22F8 /* Lexic.xcdatamodeld */,
			);
			path = Lexic;
			sourceTree = "<group>";
		};
		4EDB83AD255E2DA3006EB8F2 /* Level 2 */ = {
			isa = PBXGroup;
			children = (
				4ED3E53D2560AED40092C2A7 /* TahapanController2.swift */,
				4E4C6BC22560B69700E1EB93 /* Level2MenulisController.swift */,
				4E4C6BC42560B84E00E1EB93 /* Level2s1MembacaController.swift */,
				4E44A1C92562105C0057ED78 /* Level2s2MembacaController.swift */,
				4E44A1CB2562106B0057ED78 /* Level2s3MembacaController.swift */,
				4E44A1CD256210770057ED78 /* Level2s4MembacaController.swift */,
				4E44A1CF256210840057ED78 /* Level2s5MembacaController.swift */,
				4E44A1D1256210920057ED78 /* Level2s6MembacaController.swift */,
				4E44A1D32562109E0057ED78 /* Level2s7MembacaController.swift */,
				4E44A1D5256210AA0057ED78 /* Level2s8MembacaController.swift */,
				4E44A1D7256210B60057ED78 /* Level2s9MembacaController.swift */,
				4E44A1D9256210C00057ED78 /* Level2s10MembacaController.swift */,
				4E44A202256267D20057ED78 /* Reward2Controller.swift */,
				4EF7482D25627EBD0034EA64 /* Reward2EndingController.swift */,
			);
			path = "Level 2";
			sourceTree = "<group>";
		};
		4EDB83AE255E2DAC006EB8F2 /* Level 3 */ = {
			isa = PBXGroup;
			children = (
				4ED7E44A257226120004C78D /* TahapanController3.swift */,
				4E6EDDDE25723DF600B9F9BD /* Level3MenulisController.swift */,
				4E6EDDC62572367D00B9F9BD /* Level3s1MembacaController.swift */,
				4E6EDDC82572368C00B9F9BD /* Level3s2MembacaController.swift */,
				4E6EDDCA2572369900B9F9BD /* Level3s3MembacaController.swift */,
				4E6EDDCC257236A700B9F9BD /* Level3s4MembacaController.swift */,
				4E6EDDCE257236B400B9F9BD /* Level3s5MembacaController.swift */,
				4E6EDDD0257236BE00B9F9BD /* Level3s6MembacaController.swift */,
				4E6EDDD2257236CD00B9F9BD /* Level3s7MembacaController.swift */,
				4E6EDDD4257236D900B9F9BD /* Level3s8MembacaController.swift */,
				4E6EDDD6257236E400B9F9BD /* Level3s9MembacaController.swift */,
				4E6EDDD8257236EF00B9F9BD /* Level3s10MembacaController.swift */,
				4E6EDDDA25723A0300B9F9BD /* Reward3Controller.swift */,
				4E6EDDDC25723A5700B9F9BD /* Reward3EndingController.swift */,
			);
			path = "Level 3";
			sourceTree = "<group>";
		};
		4EF6F5F2255AC1BA002BA36A /* Level Controller */ = {
			isa = PBXGroup;
			children = (
				4EF6F5F3255AC1F0002BA36A /* Level 1 */,
				4EDB83AD255E2DA3006EB8F2 /* Level 2 */,
				4EDB83AE255E2DAC006EB8F2 /* Level 3 */,
			);
			path = "Level Controller";
			sourceTree = "<group>";
		};
		4EF6F5F3255AC1F0002BA36A /* Level 1 */ = {
			isa = PBXGroup;
			children = (
				4E818DDF254CD25F0017520C /* TahapanController.swift */,
				4E34F5BF25513578008C0333 /* Level1MenulisController.swift */,
				4ECDD43B25503F3C00F29282 /* Level1s1MembacaController.swift */,
				4EDB45F325518FC400393180 /* Level1s2MembacaController.swift */,
				4EDB45F52551916900393180 /* Level1s3MembacaController.swift */,
				4EDB45F72551917400393180 /* Level1s4MembacaController.swift */,
				4EDB45F92551918100393180 /* Level1s5MembacaController.swift */,
				4EDB83A3255E2C50006EB8F2 /* Level1s6MembacaController.swift */,
				4EDB83A5255E2D41006EB8F2 /* Level1s7MembacaController.swift */,
				4EDB83A7255E2D50006EB8F2 /* Level1s8MembacaController.swift */,
				4EDB83A9255E2D5A006EB8F2 /* Level1s9MembacaController.swift */,
				4EDB83AB255E2D66006EB8F2 /* Level1s10MembacaController.swift */,
				4E20512925390F14007A9827 /* RewardController.swift */,
				4EF7482B25627E810034EA64 /* RewardEndingController.swift */,
			);
			path = "Level 1";
			sourceTree = "<group>";
		};
/* End PBXGroup section */

/* Begin PBXNativeTarget section */
		4E6B82BF252F044200EB22F8 /* Lexic */ = {
			isa = PBXNativeTarget;
			buildConfigurationList = 4E6B82D7252F044400EB22F8 /* Build configuration list for PBXNativeTarget "Lexic" */;
			buildPhases = (
				4E6B82BC252F044200EB22F8 /* Sources */,
				4E6B82BD252F044200EB22F8 /* Frameworks */,
				4E6B82BE252F044200EB22F8 /* Resources */,
			);
			buildRules = (
			);
			dependencies = (
			);
			name = Lexic;
			productName = Lexic;
			productReference = 4E6B82C0252F044200EB22F8 /* Cobaca.app */;
			productType = "com.apple.product-type.application";
		};
/* End PBXNativeTarget section */

/* Begin PBXProject section */
		4E6B82B8252F044100EB22F8 /* Project object */ = {
			isa = PBXProject;
			attributes = {
				LastSwiftUpdateCheck = 1160;
				LastUpgradeCheck = 1160;
				ORGANIZATIONNAME = "Muhammad Harviando";
				TargetAttributes = {
					4E6B82BF252F044200EB22F8 = {
						CreatedOnToolsVersion = 11.6;
					};
				};
			};
			buildConfigurationList = 4E6B82BB252F044200EB22F8 /* Build configuration list for PBXProject "Lexic" */;
			compatibilityVersion = "Xcode 9.3";
			developmentRegion = en;
			hasScannedForEncodings = 0;
			knownRegions = (
				en,
				Base,
			);
			mainGroup = 4E6B82B7252F044100EB22F8;
			productRefGroup = 4E6B82C1252F044200EB22F8 /* Products */;
			projectDirPath = "";
			projectRoot = "";
			targets = (
				4E6B82BF252F044200EB22F8 /* Lexic */,
			);
		};
/* End PBXProject section */

/* Begin PBXResourcesBuildPhase section */
		4E6B82BE252F044200EB22F8 /* Resources */ = {
			isa = PBXResourcesBuildPhase;
			buildActionMask = 2147483647;
			files = (
				4E44A1F0256232D10057ED78 /* Kaca.m4a in Resources */,
				4E44A1EF256232D10057ED78 /* Lem.m4a in Resources */,
				4E6B82D3252F044400EB22F8 /* LaunchScreen.storyboard in Resources */,
				4EBCB32E2574AB960030946B /* kemeja.m4a in Resources */,
				4E44A1E22562327A0057ED78 /* Bus.m4a in Resources */,
				4E535B6E2539AA2300AA7B54 /* tas.m4a in Resources */,
				4EBCB3352574AE570030946B /* Reward Popup ending 3.mp4 in Resources */,
				4E44A1F2256232D10057ED78 /* Meja.m4a in Resources */,
				4E535B722539AA2300AA7B54 /* jas.m4a in Resources */,
				4EBCB32C2574AB960030946B /* garuda.m4a in Resources */,
				4E44A1E02562327A0057ED78 /* Buku.m4a in Resources */,
				4E44A1F525623DE60057ED78 /* Baju.m4a in Resources */,
				4EBCB32D2574AB960030946B /* gurita.m4a in Resources */,
				4E44A1E6256232A30057ED78 /* Gas.m4a in Resources */,
				4EBCB32B2574AB960030946B /* celana.m4a in Resources */,
				4E535B712539AA2300AA7B54 /* rak.m4a in Resources */,
				4E44A1E12562327A0057ED78 /* Cap.m4a in Resources */,
				4E44A201256267890057ED78 /* Reward Popup 2.mp4 in Resources */,
				4EBCB3322574AB960030946B /* sepatu.m4a in Resources */,
				4E44A1EE256232D10057ED78 /* Kuda.m4a in Resources */,
				4E535B702539AA2300AA7B54 /* cat.m4a in Resources */,
				4EBCB3372574B10F0030946B /* Reward Popup 3.mp4 in Resources */,
				4EDB45FC25519EA000393180 /* ban.mp3 in Resources */,
				4E44A1FC25624C460057ED78 /* Sapi.m4a in Resources */,
				4E20512C25390FE7007A9827 /* popupRewardVid.mp4 in Resources */,
				4E6B82D0252F044400EB22F8 /* Assets.xcassets in Resources */,
				4E2C20D625386078006A3F31 /* selamat.m4a in Resources */,
				4E44A1FF2562677F0057ED78 /* Reward Popup 1.mp4 in Resources */,
				4EBCB32A2574AB910030946B /* boneka.m4a in Resources */,
				4EBCB3302574AB960030946B /* lemari.m4a in Resources */,
				4EBCB32F2574AB960030946B /* kereta.m4a in Resources */,
				4E20512825390771007A9827 /* buttonClick.mp3 in Resources */,
				4E2E81E725627B82001E6D3E /* New Launch Screen.storyboard in Resources */,
				4E44A1FB25624C460057ED78 /* Topi.m4a in Resources */,
				4EF7482A25627E5F0034EA64 /* Reward Popup ending 2.mp4 in Resources */,
				4EF7482825627E590034EA64 /* Reward Popup ending 1.mp4 in Resources */,
				4EBCB3332574AB960030946B /* sepeda.m4a in Resources */,
				4E44A1E5256232A30057ED78 /* Dasi.m4a in Resources */,
				4EBCB3312574AB960030946B /* pepaya.m4a in Resources */,
				4E44A1F1256232D10057ED78 /* Kayu.m4a in Resources */,
				4E44A1ED256232D10057ED78 /* Jam.m4a in Resources */,
				4EDB45FE2551A70600393180 /* mouseClick.mp3 in Resources */,
				4E6B82CB252F044200EB22F8 /* Main.storyboard in Resources */,
				4E44A1FD25624C460057ED78 /* Teko.m4a in Resources */,
			);
			runOnlyForDeploymentPostprocessing = 0;
		};
/* End PBXResourcesBuildPhase section */

/* Begin PBXSourcesBuildPhase section */
		4E6B82BC252F044200EB22F8 /* Sources */ = {
			isa = PBXSourcesBuildPhase;
			buildActionMask = 2147483647;
			files = (
				4E44A1D0256210840057ED78 /* Level2s5MembacaController.swift in Sources */,
				4E44A1D6256210AA0057ED78 /* Level2s8MembacaController.swift in Sources */,
				4E44A203256267D20057ED78 /* Reward2Controller.swift in Sources */,
				4ED7E44B257226120004C78D /* TahapanController3.swift in Sources */,
				4E535B662539968200AA7B54 /* PetunjukController.swift in Sources */,
				4E34F5C025513578008C0333 /* Level1MenulisController.swift in Sources */,
				4E6EDDD9257236EF00B9F9BD /* Level3s10MembacaController.swift in Sources */,
				4EF7482E25627EBD0034EA64 /* Reward2EndingController.swift in Sources */,
				4ECEA8A8253731290098F7C5 /* Canvas.swift in Sources */,
				4E6EDDDD25723A5700B9F9BD /* Reward3EndingController.swift in Sources */,
				4E44A1CE256210770057ED78 /* Level2s4MembacaController.swift in Sources */,
				4E6EDDD7257236E400B9F9BD /* Level3s9MembacaController.swift in Sources */,
				4EF7482C25627E810034EA64 /* RewardEndingController.swift in Sources */,
				4E44A1DA256210C00057ED78 /* Level2s10MembacaController.swift in Sources */,
				4E6B82C8252F044200EB22F8 /* ViewController.swift in Sources */,
				4EDB45F82551917400393180 /* Level1s4MembacaController.swift in Sources */,
				4E6B82C4252F044200EB22F8 /* AppDelegate.swift in Sources */,
				4E6EDDD3257236CD00B9F9BD /* Level3s7MembacaController.swift in Sources */,
				4E6EDDDF25723DF600B9F9BD /* Level3MenulisController.swift in Sources */,
				4EDB83A6255E2D41006EB8F2 /* Level1s7MembacaController.swift in Sources */,
				4EDB83A4255E2C50006EB8F2 /* Level1s6MembacaController.swift in Sources */,
				4EDB45FA2551918100393180 /* Level1s5MembacaController.swift in Sources */,
				4E44A1D2256210920057ED78 /* Level2s6MembacaController.swift in Sources */,
				4ECDD43C25503F3C00F29282 /* Level1s1MembacaController.swift in Sources */,
				4ED3E53E2560AED40092C2A7 /* TahapanController2.swift in Sources */,
				4E44A1CA2562105C0057ED78 /* Level2s2MembacaController.swift in Sources */,
				4EDB45F62551916900393180 /* Level1s3MembacaController.swift in Sources */,
				4E6B82C6252F044200EB22F8 /* SceneDelegate.swift in Sources */,
				4EDB83AC255E2D66006EB8F2 /* Level1s10MembacaController.swift in Sources */,
				4E6EDDC92572368C00B9F9BD /* Level3s2MembacaController.swift in Sources */,
				4E818DE0254CD25F0017520C /* TahapanController.swift in Sources */,
				4E6B82CE252F044200EB22F8 /* Lexic.xcdatamodeld in Sources */,
				4EDB45F425518FC400393180 /* Level1s2MembacaController.swift in Sources */,
				4E4C6BC32560B69700E1EB93 /* Level2MenulisController.swift in Sources */,
				4E6EDDC72572367D00B9F9BD /* Level3s1MembacaController.swift in Sources */,
				4E44A1D8256210B60057ED78 /* Level2s9MembacaController.swift in Sources */,
				4E44A1CC2562106B0057ED78 /* Level2s3MembacaController.swift in Sources */,
				4EDB83AA255E2D5A006EB8F2 /* Level1s9MembacaController.swift in Sources */,
				4E6EDDDB25723A0300B9F9BD /* Reward3Controller.swift in Sources */,
				4E535B682539A65500AA7B54 /* OnBoardingController.swift in Sources */,
				4E4C6BC52560B84E00E1EB93 /* Level2s1MembacaController.swift in Sources */,
				4E44A1D42562109E0057ED78 /* Level2s7MembacaController.swift in Sources */,
				4E6EDDD1257236BE00B9F9BD /* Level3s6MembacaController.swift in Sources */,
				4E6EDDD5257236D900B9F9BD /* Level3s8MembacaController.swift in Sources */,
				4EDB83A8255E2D50006EB8F2 /* Level1s8MembacaController.swift in Sources */,
				4E6EDDCF257236B400B9F9BD /* Level3s5MembacaController.swift in Sources */,
				4E20512A25390F14007A9827 /* RewardController.swift in Sources */,
				4E6EDDCD257236A700B9F9BD /* Level3s4MembacaController.swift in Sources */,
				4E6EDDCB2572369900B9F9BD /* Level3s3MembacaController.swift in Sources */,
			);
			runOnlyForDeploymentPostprocessing = 0;
		};
/* End PBXSourcesBuildPhase section */

/* Begin PBXVariantGroup section */
		4E44A1F725623DE60057ED78 /* Baju.m4a */ = {
			isa = PBXVariantGroup;
			children = (
				4E44A1F625623DE60057ED78 /* Base */,
			);
			name = Baju.m4a;
			sourceTree = "<group>";
		};
		4E6B82C9252F044200EB22F8 /* Main.storyboard */ = {
			isa = PBXVariantGroup;
			children = (
				4E6B82CA252F044200EB22F8 /* Base */,
			);
			name = Main.storyboard;
			sourceTree = "<group>";
		};
		4E6B82D1252F044400EB22F8 /* LaunchScreen.storyboard */ = {
			isa = PBXVariantGroup;
			children = (
				4E6B82D2252F044400EB22F8 /* Base */,
			);
			name = LaunchScreen.storyboard;
			sourceTree = "<group>";
		};
/* End PBXVariantGroup section */

/* Begin XCBuildConfiguration section */
		4E6B82D5252F044400EB22F8 /* Debug */ = {
			isa = XCBuildConfiguration;
			buildSettings = {
				ALWAYS_SEARCH_USER_PATHS = NO;
				CLANG_ANALYZER_NONNULL = YES;
				CLANG_ANALYZER_NUMBER_OBJECT_CONVERSION = YES_AGGRESSIVE;
				CLANG_CXX_LANGUAGE_STANDARD = "gnu++14";
				CLANG_CXX_LIBRARY = "libc++";
				CLANG_ENABLE_MODULES = YES;
				CLANG_ENABLE_OBJC_ARC = YES;
				CLANG_ENABLE_OBJC_WEAK = YES;
				CLANG_WARN_BLOCK_CAPTURE_AUTORELEASING = YES;
				CLANG_WARN_BOOL_CONVERSION = YES;
				CLANG_WARN_COMMA = YES;
				CLANG_WARN_CONSTANT_CONVERSION = YES;
				CLANG_WARN_DEPRECATED_OBJC_IMPLEMENTATIONS = YES;
				CLANG_WARN_DIRECT_OBJC_ISA_USAGE = YES_ERROR;
				CLANG_WARN_DOCUMENTATION_COMMENTS = YES;
				CLANG_WARN_EMPTY_BODY = YES;
				CLANG_WARN_ENUM_CONVERSION = YES;
				CLANG_WARN_INFINITE_RECURSION = YES;
				CLANG_WARN_INT_CONVERSION = YES;
				CLANG_WARN_NON_LITERAL_NULL_CONVERSION = YES;
				CLANG_WARN_OBJC_IMPLICIT_RETAIN_SELF = YES;
				CLANG_WARN_OBJC_LITERAL_CONVERSION = YES;
				CLANG_WARN_OBJC_ROOT_CLASS = YES_ERROR;
				CLANG_WARN_RANGE_LOOP_ANALYSIS = YES;
				CLANG_WARN_STRICT_PROTOTYPES = YES;
				CLANG_WARN_SUSPICIOUS_MOVE = YES;
				CLANG_WARN_UNGUARDED_AVAILABILITY = YES_AGGRESSIVE;
				CLANG_WARN_UNREACHABLE_CODE = YES;
				CLANG_WARN__DUPLICATE_METHOD_MATCH = YES;
				COPY_PHASE_STRIP = NO;
				DEBUG_INFORMATION_FORMAT = dwarf;
				ENABLE_STRICT_OBJC_MSGSEND = YES;
				ENABLE_TESTABILITY = YES;
				GCC_C_LANGUAGE_STANDARD = gnu11;
				GCC_DYNAMIC_NO_PIC = NO;
				GCC_NO_COMMON_BLOCKS = YES;
				GCC_OPTIMIZATION_LEVEL = 0;
				GCC_PREPROCESSOR_DEFINITIONS = (
					"DEBUG=1",
					"$(inherited)",
				);
				GCC_WARN_64_TO_32_BIT_CONVERSION = YES;
				GCC_WARN_ABOUT_RETURN_TYPE = YES_ERROR;
				GCC_WARN_UNDECLARED_SELECTOR = YES;
				GCC_WARN_UNINITIALIZED_AUTOS = YES_AGGRESSIVE;
				GCC_WARN_UNUSED_FUNCTION = YES;
				GCC_WARN_UNUSED_VARIABLE = YES;
				IPHONEOS_DEPLOYMENT_TARGET = 13.6;
				MTL_ENABLE_DEBUG_INFO = INCLUDE_SOURCE;
				MTL_FAST_MATH = YES;
				ONLY_ACTIVE_ARCH = YES;
				SDKROOT = iphoneos;
				SWIFT_ACTIVE_COMPILATION_CONDITIONS = DEBUG;
				SWIFT_OPTIMIZATION_LEVEL = "-Onone";
			};
			name = Debug;
		};
		4E6B82D6252F044400EB22F8 /* Release */ = {
			isa = XCBuildConfiguration;
			buildSettings = {
				ALWAYS_SEARCH_USER_PATHS = NO;
				CLANG_ANALYZER_NONNULL = YES;
				CLANG_ANALYZER_NUMBER_OBJECT_CONVERSION = YES_AGGRESSIVE;
				CLANG_CXX_LANGUAGE_STANDARD = "gnu++14";
				CLANG_CXX_LIBRARY = "libc++";
				CLANG_ENABLE_MODULES = YES;
				CLANG_ENABLE_OBJC_ARC = YES;
				CLANG_ENABLE_OBJC_WEAK = YES;
				CLANG_WARN_BLOCK_CAPTURE_AUTORELEASING = YES;
				CLANG_WARN_BOOL_CONVERSION = YES;
				CLANG_WARN_COMMA = YES;
				CLANG_WARN_CONSTANT_CONVERSION = YES;
				CLANG_WARN_DEPRECATED_OBJC_IMPLEMENTATIONS = YES;
				CLANG_WARN_DIRECT_OBJC_ISA_USAGE = YES_ERROR;
				CLANG_WARN_DOCUMENTATION_COMMENTS = YES;
				CLANG_WARN_EMPTY_BODY = YES;
				CLANG_WARN_ENUM_CONVERSION = YES;
				CLANG_WARN_INFINITE_RECURSION = YES;
				CLANG_WARN_INT_CONVERSION = YES;
				CLANG_WARN_NON_LITERAL_NULL_CONVERSION = YES;
				CLANG_WARN_OBJC_IMPLICIT_RETAIN_SELF = YES;
				CLANG_WARN_OBJC_LITERAL_CONVERSION = YES;
				CLANG_WARN_OBJC_ROOT_CLASS = YES_ERROR;
				CLANG_WARN_RANGE_LOOP_ANALYSIS = YES;
				CLANG_WARN_STRICT_PROTOTYPES = YES;
				CLANG_WARN_SUSPICIOUS_MOVE = YES;
				CLANG_WARN_UNGUARDED_AVAILABILITY = YES_AGGRESSIVE;
				CLANG_WARN_UNREACHABLE_CODE = YES;
				CLANG_WARN__DUPLICATE_METHOD_MATCH = YES;
				COPY_PHASE_STRIP = NO;
				DEBUG_INFORMATION_FORMAT = "dwarf-with-dsym";
				ENABLE_NS_ASSERTIONS = NO;
				ENABLE_STRICT_OBJC_MSGSEND = YES;
				GCC_C_LANGUAGE_STANDARD = gnu11;
				GCC_NO_COMMON_BLOCKS = YES;
				GCC_WARN_64_TO_32_BIT_CONVERSION = YES;
				GCC_WARN_ABOUT_RETURN_TYPE = YES_ERROR;
				GCC_WARN_UNDECLARED_SELECTOR = YES;
				GCC_WARN_UNINITIALIZED_AUTOS = YES_AGGRESSIVE;
				GCC_WARN_UNUSED_FUNCTION = YES;
				GCC_WARN_UNUSED_VARIABLE = YES;
				IPHONEOS_DEPLOYMENT_TARGET = 13.6;
				MTL_ENABLE_DEBUG_INFO = NO;
				MTL_FAST_MATH = YES;
				SDKROOT = iphoneos;
				SWIFT_COMPILATION_MODE = wholemodule;
				SWIFT_OPTIMIZATION_LEVEL = "-O";
				VALIDATE_PRODUCT = YES;
			};
			name = Release;
		};
		4E6B82D8252F044400EB22F8 /* Debug */ = {
			isa = XCBuildConfiguration;
			buildSettings = {
				ASSETCATALOG_COMPILER_APPICON_NAME = AppIcon;
				CODE_SIGN_STYLE = Automatic;
				CURRENT_PROJECT_VERSION = 4;
				DEVELOPMENT_TEAM = F9V7VZ5QFQ;
				INFOPLIST_FILE = Lexic/Info.plist;
				IPHONEOS_DEPLOYMENT_TARGET = 13.3;
				LD_RUNPATH_SEARCH_PATHS = (
					"$(inherited)",
					"@executable_path/Frameworks",
				);
				MARKETING_VERSION = 2.2;
				PRODUCT_BUNDLE_IDENTIFIER = macpro.Lexic;
				PRODUCT_NAME = Cobaca;
				SWIFT_VERSION = 5.0;
				TARGETED_DEVICE_FAMILY = 2;
			};
			name = Debug;
		};
		4E6B82D9252F044400EB22F8 /* Release */ = {
			isa = XCBuildConfiguration;
			buildSettings = {
				ASSETCATALOG_COMPILER_APPICON_NAME = AppIcon;
				CODE_SIGN_STYLE = Automatic;
				CURRENT_PROJECT_VERSION = 4;
				DEVELOPMENT_TEAM = F9V7VZ5QFQ;
				INFOPLIST_FILE = Lexic/Info.plist;
				IPHONEOS_DEPLOYMENT_TARGET = 13.3;
				LD_RUNPATH_SEARCH_PATHS = (
					"$(inherited)",
					"@executable_path/Frameworks",
				);
				MARKETING_VERSION = 2.2;
				PRODUCT_BUNDLE_IDENTIFIER = macpro.Lexic;
				PRODUCT_NAME = Cobaca;
				SWIFT_VERSION = 5.0;
				TARGETED_DEVICE_FAMILY = 2;
			};
			name = Release;
		};
/* End XCBuildConfiguration section */

/* Begin XCConfigurationList section */
		4E6B82BB252F044200EB22F8 /* Build configuration list for PBXProject "Lexic" */ = {
			isa = XCConfigurationList;
			buildConfigurations = (
				4E6B82D5252F044400EB22F8 /* Debug */,
				4E6B82D6252F044400EB22F8 /* Release */,
			);
			defaultConfigurationIsVisible = 0;
			defaultConfigurationName = Release;
		};
		4E6B82D7252F044400EB22F8 /* Build configuration list for PBXNativeTarget "Lexic" */ = {
			isa = XCConfigurationList;
			buildConfigurations = (
				4E6B82D8252F044400EB22F8 /* Debug */,
				4E6B82D9252F044400EB22F8 /* Release */,
			);
			defaultConfigurationIsVisible = 0;
			defaultConfigurationName = Release;
		};
/* End XCConfigurationList section */

/* Begin XCVersionGroup section */
		4E6B82CC252F044200EB22F8 /* Lexic.xcdatamodeld */ = {
			isa = XCVersionGroup;
			children = (
				4E6B82CD252F044200EB22F8 /* Lexic.xcdatamodel */,
			);
			currentVersion = 4E6B82CD252F044200EB22F8 /* Lexic.xcdatamodel */;
			path = Lexic.xcdatamodeld;
			sourceTree = "<group>";
			versionGroupType = wrapper.xcdatamodel;
		};
/* End XCVersionGroup section */
	};
	rootObject = 4E6B82B8252F044100EB22F8 /* Project object */;
}
